
Microsoft Visual Studio Solution File, Format Version 12.00
# Visual Studio Version 17
VisualStudioVersion = 17.8.34330.188
MinimumVisualStudioVersion = 10.0.40219.1
Project("{FAE04EC0-301F-11D3-BF4B-00C04F79EFBC}") = "LAST_TRY_lb4", "LAST_TRY_lb4.csproj", "{13A3191A-614F-487E-884B-C5548B4CEF9C}"
EndProject
Global
	GlobalSection(SolutionConfigurationPlatforms) = preSolution
		Debug|Any CPU = Debug|Any CPU
		Release|Any CPU = Release|Any CPU
	EndGlobalSection
	GlobalSection(ProjectConfigurationPlatforms) = postSolution
		{13A3191A-614F-487E-884B-C5548B4CEF9C}.Debug|Any CPU.ActiveCfg = Debug|Any CPU
		{13A3191A-614F-487E-884B-C5548B4CEF9C}.Debug|Any CPU.Build.0 = Debug|Any CPU
		{13A3191A-614F-487E-884B-C5548B4CEF9C}.Release|Any CPU.ActiveCfg = Release|Any CPU
		{13A3191A-614F-487E-884B-C5548B4CEF9C}.Release|Any CPU.Build.0 = Release|Any CPU
	EndGlobalSection
	GlobalSection(SolutionProperties) = preSolution
		HideSolutionNode = FALSE
	EndGlobalSection
	GlobalSection(ExtensibilityGlobals) = postSolution
		SolutionGuid = {7EB1F873-5A31-422F-8EF8-B2923C114142}
	EndGlobalSection
EndGlobal
